{
  "name": "autos",
  "version": "1.0.0",
  "lockfileVersion": 2,
  "requires": true,
  "packages": {
    "": {
      "name": "autos",
      "version": "1.0.0",
      "license": "ISC",
      "dependencies": {
        "next.js": "^1.0.3"
      }
    },
    "node_modules/next.js": {
      "version": "1.0.3",
      "resolved": "https://registry.npmjs.org/next.js/-/next.js-1.0.3.tgz",
      "integrity": "sha1-t9WkxuJBw9kUyUAHqk8x0Qh5n6g="
    }
  },
  "dependencies": {
    "next.js": {
      "version": "1.0.3",
      "resolved": "https://registry.npmjs.org/next.js/-/next.js-1.0.3.tgz",
      "integrity": "sha1-t9WkxuJBw9kUyUAHqk8x0Qh5n6g="
    }
  }
}
